{
  "name": "miniprogram",
  "version": "1.0.0",
  "lockfileVersion": 2,
  "requires": true,
  "packages": {
    "": {
      "name": "miniprogram",
      "version": "1.0.0",
      "license": "ISC",
      "dependencies": {
        "tencentcloud-webar-wx": "^1.0.8"
      }
    },
    "node_modules/tencentcloud-webar-wx": {
      "version": "1.0.8",
      "resolved": "https://registry.npmjs.org/tencentcloud-webar-wx/-/tencentcloud-webar-wx-1.0.8.tgz",
      "integrity": "sha512-0xmqQqpKFBMeBH9mSvGrVOequQ1W9L6nRkPiKxZKD5m/+q/t3gFutR08eLIorEXjQhmc7rtZ344KUDD3/nLEow=="
    }
  },
  "dependencies": {
    "tencentcloud-webar-wx": {
      "version": "1.0.8",
      "resolved": "https://registry.npmjs.org/tencentcloud-webar-wx/-/tencentcloud-webar-wx-1.0.8.tgz",
      "integrity": "sha512-0xmqQqpKFBMeBH9mSvGrVOequQ1W9L6nRkPiKxZKD5m/+q/t3gFutR08eLIorEXjQhmc7rtZ344KUDD3/nLEow=="
    }
  }
}
